
Microsoft Visual Studio Solution File, Format Version 12.00
# Visual Studio Version 17
VisualStudioVersion = 17.5.002.0
MinimumVisualStudioVersion = 10.0.40219.1
Project("{9A19103F-16F7-4668-BE54-9A1E7A4F7556}") = "aoc2023", "aoc2023.csproj", "{E9BCB3AA-36F7-4C34-8B3A-A9CE6C914D88}"
EndProject
Global
	GlobalSection(SolutionConfigurationPlatforms) = preSolution
		Debug|Any CPU = Debug|Any CPU
		Release|Any CPU = Release|Any CPU
	EndGlobalSection
	GlobalSection(ProjectConfigurationPlatforms) = postSolution
		{E9BCB3AA-36F7-4C34-8B3A-A9CE6C914D88}.Debug|Any CPU.ActiveCfg = Debug|Any CPU
		{E9BCB3AA-36F7-4C34-8B3A-A9CE6C914D88}.Debug|Any CPU.Build.0 = Debug|Any CPU
		{E9BCB3AA-36F7-4C34-8B3A-A9CE6C914D88}.Release|Any CPU.ActiveCfg = Release|Any CPU
		{E9BCB3AA-36F7-4C34-8B3A-A9CE6C914D88}.Release|Any CPU.Build.0 = Release|Any CPU
	EndGlobalSection
	GlobalSection(SolutionProperties) = preSolution
		HideSolutionNode = FALSE
	EndGlobalSection
	GlobalSection(ExtensibilityGlobals) = postSolution
		SolutionGuid = {B340BE2B-16FF-4966-AECB-40DBB595C061}
	EndGlobalSection
EndGlobal
